{
	"name": "blockbench-types",
	"version": "5.2.0-beta.1-next.3",
	"lockfileVersion": 3,
	"requires": true,
	"packages": {
		"": {
			"name": "blockbench-types",
			"version": "5.2.0-beta.1-next.3",
			"dependencies": {
				"@babel/types": "^7.20.7",
				"@types/dompurify": "^3.0.5",
				"@types/jquery": "^3.5.32",
				"@types/prismjs": "^1.26.0",
				"@types/three": "^0.174.0",
				"@types/tinycolor2": "^1.4.6",
				"dompurify": "^3.0.1",
				"electron": "^40.8.0",
				"prismjs": "^1.29.0",
				"tinycolor2": "^1.6.0",
				"typescript": "^5.8.3",
				"vue": "2.7.14",
				"wintersky": "^1.3.0"
			},
			"devDependencies": {
				"@types/node": "^18.14.6",
				"prettier": "^2.8.3"
			}
		},
		"node_modules/@babel/helper-string-parser": {
			"version": "7.27.1",
			"license": "MIT",
			"engines": {
				"node": ">=6.9.0"
			}
		},
		"node_modules/@babel/helper-validator-identifier": {
			"version": "7.27.1",
			"license": "MIT",
			"engines": {
				"node": ">=6.9.0"
			}
		},
		"node_modules/@babel/parser": {
			"version": "7.27.5",
			"license": "MIT",
			"dependencies": {
				"@babel/types": "^7.27.3"
			},
			"bin": {
				"parser": "bin/babel-parser.js"
			},
			"engines": {
				"node": ">=6.0.0"
			}
		},
		"node_modules/@babel/types": {
			"version": "7.27.6",
			"license": "MIT",
			"dependencies": {
				"@babel/helper-string-parser": "^7.27.1",
				"@babel/helper-validator-identifier": "^7.27.1"
			},
			"engines": {
				"node": ">=6.9.0"
			}
		},
		"node_modules/@electron-internal/extract-zip": {
			"version": "1.0.5",
			"resolved": "https://registry.npmjs.org/@electron-internal/extract-zip/-/extract-zip-1.0.5.tgz",
			"integrity": "sha512-+bqFCP98pLI0Tt0XQo1TmlXtwjWchISndDOxCkEcIuUgXWpBnLyRI+2DU+mesvnMMX6L1XDqYNA0lXNDHd/yiA==",
			"license": "BSD-2-Clause",
			"engines": {
				"node": ">=22.12.0"
			}
		},
		"node_modules/@electron/get": {
			"version": "5.1.0",
			"resolved": "https://registry.npmjs.org/@electron/get/-/get-5.1.0.tgz",
			"integrity": "sha512-3kSBtG8ObcTVfXanm5vVJ6UnBLEVmVsRk1M+vGqCuMBV+XLCbJYuWQful+yIy0GQDsSlK0kHEriEHn7SPk4EnA==",
			"license": "MIT",
			"dependencies": {
				"debug": "^4.1.1",
				"env-paths": "^3.0.0",
				"graceful-fs": "^4.2.11",
				"progress": "^2.0.3",
				"semver": "^7.6.3",
				"sumchecker": "^3.0.1"
			},
			"engines": {
				"node": ">=22.12.0"
			},
			"optionalDependencies": {
				"undici": "^7.24.4"
			}
		},
		"node_modules/@tweenjs/tween.js": {
			"version": "23.1.3",
			"resolved": "https://registry.npmjs.org/@tweenjs/tween.js/-/tween.js-23.1.3.tgz",
			"integrity": "sha512-vJmvvwFxYuGnF2axRtPYocag6Clbb5YS7kLL+SO/TeVFzHqDIWrNKYtcsPMibjDx9O+bu+psAy9NKfWklassUA==",
			"license": "MIT"
		},
		"node_modules/@types/dompurify": {
			"version": "3.0.5",
			"license": "MIT",
			"dependencies": {
				"@types/trusted-types": "*"
			}
		},
		"node_modules/@types/jquery": {
			"version": "3.5.32",
			"license": "MIT",
			"dependencies": {
				"@types/sizzle": "*"
			}
		},
		"node_modules/@types/node": {
			"version": "18.19.111",
			"dev": true,
			"license": "MIT",
			"dependencies": {
				"undici-types": "~5.26.4"
			}
		},
		"node_modules/@types/prismjs": {
			"version": "1.26.5",
			"license": "MIT"
		},
		"node_modules/@types/sizzle": {
			"version": "2.3.9",
			"license": "MIT"
		},
		"node_modules/@types/stats.js": {
			"version": "0.17.4",
			"resolved": "https://registry.npmjs.org/@types/stats.js/-/stats.js-0.17.4.tgz",
			"integrity": "sha512-jIBvWWShCvlBqBNIZt0KAshWpvSjhkwkEu4ZUcASoAvhmrgAUI2t1dXrjSL4xXVLB4FznPrIsX3nKXFl/Dt4vA==",
			"license": "MIT"
		},
		"node_modules/@types/three": {
			"version": "0.174.0",
			"resolved": "https://registry.npmjs.org/@types/three/-/three-0.174.0.tgz",
			"integrity": "sha512-De/+vZnfg2aVWNiuy1Ldu+n2ydgw1osinmiZTAn0necE++eOfsygL8JpZgFjR2uHmAPo89MkxBj3JJ+2BMe+Uw==",
			"license": "MIT",
			"dependencies": {
				"@tweenjs/tween.js": "~23.1.3",
				"@types/stats.js": "*",
				"@types/webxr": "*",
				"@webgpu/types": "*",
				"fflate": "~0.8.2",
				"meshoptimizer": "~0.18.1"
			}
		},
		"node_modules/@types/tinycolor2": {
			"version": "1.4.6",
			"license": "MIT"
		},
		"node_modules/@types/trusted-types": {
			"version": "2.0.7",
			"license": "MIT"
		},
		"node_modules/@types/webxr": {
			"version": "0.5.24",
			"resolved": "https://registry.npmjs.org/@types/webxr/-/webxr-0.5.24.tgz",
			"integrity": "sha512-h8fgEd/DpoS9CBrjEQXR+dIDraopAEfu4wYVNY2tEPwk60stPWhvZMf4Foo5FakuQ7HFZoa8WceaWFervK2Ovg==",
			"license": "MIT"
		},
		"node_modules/@vue/compiler-sfc": {
			"version": "2.7.14",
			"dependencies": {
				"@babel/parser": "^7.18.4",
				"postcss": "^8.4.14",
				"source-map": "^0.6.1"
			}
		},
		"node_modules/@webgpu/types": {
			"version": "0.1.72",
			"resolved": "https://registry.npmjs.org/@webgpu/types/-/types-0.1.72.tgz",
			"integrity": "sha512-0cF7RFM2edNoiIS1ODJp0/Gzv4/xSXhwoR0YCza+OWpJWtn4wmo9DvK91aLlH9+uUnwIriP7ZiC3WitmyhuzBw==",
			"license": "BSD-3-Clause"
		},
		"node_modules/csstype": {
			"version": "3.1.3",
			"license": "MIT"
		},
		"node_modules/debug": {
			"version": "4.4.3",
			"resolved": "https://registry.npmjs.org/debug/-/debug-4.4.3.tgz",
			"integrity": "sha512-RGwwWnwQvkVfavKVt22FGLw+xYSdzARwm0ru6DhTVA3umU5hZc28V3kO4stgYryrTlLpuvgI9GiijltAjNbcqA==",
			"license": "MIT",
			"dependencies": {
				"ms": "^2.1.3"
			},
			"engines": {
				"node": ">=6.0"
			},
			"peerDependenciesMeta": {
				"supports-color": {
					"optional": true
				}
			}
		},
		"node_modules/dompurify": {
			"version": "3.2.6",
			"license": "(MPL-2.0 OR Apache-2.0)",
			"optionalDependencies": {
				"@types/trusted-types": "^2.0.7"
			}
		},
		"node_modules/electron": {
			"version": "40.10.6",
			"resolved": "https://registry.npmjs.org/electron/-/electron-40.10.6.tgz",
			"integrity": "sha512-TGjlkOU9Lg6K4KjDbsErywCWCIDaNgLh0q+xj0nlpRoQhevI7VBIxBTtJI/V30lypyLAaXMpnP9O9jui1/qRFw==",
			"hasInstallScript": true,
			"license": "MIT",
			"dependencies": {
				"@electron-internal/extract-zip": "^1.0.1",
				"@electron/get": "^5.0.0",
				"@types/node": "^24.9.0"
			},
			"bin": {
				"electron": "cli.js"
			},
			"engines": {
				"node": ">= 22.12.0"
			}
		},
		"node_modules/electron/node_modules/@types/node": {
			"version": "24.13.3",
			"resolved": "https://registry.npmjs.org/@types/node/-/node-24.13.3.tgz",
			"integrity": "sha512-Dh8vAsV36ig5wa9OX4pXvMc9D3Veibfw2wix0CUwYODLD8nkj9UsLjASr49nPg+2eKzxhBV+v7L8pXvT4e639Q==",
			"license": "MIT",
			"dependencies": {
				"undici-types": "~7.18.0"
			}
		},
		"node_modules/electron/node_modules/undici-types": {
			"version": "7.18.2",
			"resolved": "https://registry.npmjs.org/undici-types/-/undici-types-7.18.2.tgz",
			"integrity": "sha512-AsuCzffGHJybSaRrmr5eHr81mwJU3kjw6M+uprWvCXiNeN9SOGwQ3Jn8jb8m3Z6izVgknn1R0FTCEAP2QrLY/w==",
			"license": "MIT"
		},
		"node_modules/env-paths": {
			"version": "3.0.0",
			"resolved": "https://registry.npmjs.org/env-paths/-/env-paths-3.0.0.tgz",
			"integrity": "sha512-dtJUTepzMW3Lm/NPxRf3wP4642UWhjL2sQxc+ym2YMj1m/H2zDNQOlezafzkHwn6sMstjHTwG6iQQsctDW/b1A==",
			"license": "MIT",
			"engines": {
				"node": "^12.20.0 || ^14.13.1 || >=16.0.0"
			},
			"funding": {
				"url": "https://github.com/sponsors/sindresorhus"
			}
		},
		"node_modules/fflate": {
			"version": "0.8.3",
			"resolved": "https://registry.npmjs.org/fflate/-/fflate-0.8.3.tgz",
			"integrity": "sha512-tbZNuJrLwGUp3zshBtdy4W+ORxZuIh8a5ilyIEQDC5rY1f3U20JMry0Ll3WBzU58EZKsEuJFXhb5gwv8CsPvgA==",
			"license": "MIT"
		},
		"node_modules/graceful-fs": {
			"version": "4.2.11",
			"resolved": "https://registry.npmjs.org/graceful-fs/-/graceful-fs-4.2.11.tgz",
			"integrity": "sha512-RbJ5/jmFcNNCcDV5o9eTnBLJ/HszWV0P73bc+Ff4nS/rJj+YaS6IGyiOL0VoBYX+l1Wrl3k63h/KrH+nhJ0XvQ==",
			"license": "ISC"
		},
		"node_modules/meshoptimizer": {
			"version": "0.18.1",
			"resolved": "https://registry.npmjs.org/meshoptimizer/-/meshoptimizer-0.18.1.tgz",
			"integrity": "sha512-ZhoIoL7TNV4s5B6+rx5mC//fw8/POGyNxS/DZyCJeiZ12ScLfVwRE/GfsxwiTkMYYD5DmK2/JXnEVXqL4rF+Sw==",
			"license": "MIT"
		},
		"node_modules/molangjs": {
			"version": "1.6.5",
			"license": "MIT"
		},
		"node_modules/ms": {
			"version": "2.1.3",
			"resolved": "https://registry.npmjs.org/ms/-/ms-2.1.3.tgz",
			"integrity": "sha512-6FlzubTLZG3J2a/NVCAleEhjzq5oxgHyaCU9yYXvcLsvoVaHJq/s5xXI6/XXP6tz7R9xAOtHnSO/tXtF3WRTlA==",
			"license": "MIT"
		},
		"node_modules/nanoid": {
			"version": "3.3.11",
			"funding": [
				{
					"type": "github",
					"url": "https://github.com/sponsors/ai"
				}
			],
			"license": "MIT",
			"bin": {
				"nanoid": "bin/nanoid.cjs"
			},
			"engines": {
				"node": "^10 || ^12 || ^13.7 || ^14 || >=15.0.1"
			}
		},
		"node_modules/picocolors": {
			"version": "1.1.1",
			"license": "ISC"
		},
		"node_modules/postcss": {
			"version": "8.5.4",
			"funding": [
				{
					"type": "opencollective",
					"url": "https://opencollective.com/postcss/"
				},
				{
					"type": "tidelift",
					"url": "https://tidelift.com/funding/github/npm/postcss"
				},
				{
					"type": "github",
					"url": "https://github.com/sponsors/ai"
				}
			],
			"license": "MIT",
			"dependencies": {
				"nanoid": "^3.3.11",
				"picocolors": "^1.1.1",
				"source-map-js": "^1.2.1"
			},
			"engines": {
				"node": "^10 || ^12 || >=14"
			}
		},
		"node_modules/prettier": {
			"version": "2.8.8",
			"dev": true,
			"license": "MIT",
			"bin": {
				"prettier": "bin-prettier.js"
			},
			"engines": {
				"node": ">=10.13.0"
			},
			"funding": {
				"url": "https://github.com/prettier/prettier?sponsor=1"
			}
		},
		"node_modules/prismjs": {
			"version": "1.30.0",
			"license": "MIT",
			"engines": {
				"node": ">=6"
			}
		},
		"node_modules/progress": {
			"version": "2.0.3",
			"resolved": "https://registry.npmjs.org/progress/-/progress-2.0.3.tgz",
			"integrity": "sha512-7PiHtLll5LdnKIMw100I+8xJXR5gW2QwWYkT6iJva0bXitZKa/XMrSbdmg3r2Xnaidz9Qumd0VPaMrZlF9V9sA==",
			"license": "MIT",
			"engines": {
				"node": ">=0.4.0"
			}
		},
		"node_modules/semver": {
			"version": "7.8.5",
			"resolved": "https://registry.npmjs.org/semver/-/semver-7.8.5.tgz",
			"integrity": "sha512-Y7/KDsb8LjooZpwaqGyulO6DQlksgCncchHGk+sZIY4SBvUocMBEFH5Ur1fI4dV+Jvl0w6cjvucaIi40puRioA==",
			"license": "ISC",
			"bin": {
				"semver": "bin/semver.js"
			},
			"engines": {
				"node": ">=10"
			}
		},
		"node_modules/source-map": {
			"version": "0.6.1",
			"license": "BSD-3-Clause",
			"engines": {
				"node": ">=0.10.0"
			}
		},
		"node_modules/source-map-js": {
			"version": "1.2.1",
			"license": "BSD-3-Clause",
			"engines": {
				"node": ">=0.10.0"
			}
		},
		"node_modules/sumchecker": {
			"version": "3.0.1",
			"resolved": "https://registry.npmjs.org/sumchecker/-/sumchecker-3.0.1.tgz",
			"integrity": "sha512-MvjXzkz/BOfyVDkG0oFOtBxHX2u3gKbMHIF/dXblZsgD3BWOFLmHovIpZY7BykJdAjcqRCBi1WYBNdEC9yI7vg==",
			"license": "Apache-2.0",
			"dependencies": {
				"debug": "^4.1.0"
			},
			"engines": {
				"node": ">= 8.0"
			}
		},
		"node_modules/three": {
			"version": "0.134.0",
			"license": "MIT"
		},
		"node_modules/tinycolor2": {
			"version": "1.6.0",
			"license": "MIT"
		},
		"node_modules/typescript": {
			"version": "5.8.3",
			"license": "Apache-2.0",
			"peer": true,
			"bin": {
				"tsc": "bin/tsc",
				"tsserver": "bin/tsserver"
			},
			"engines": {
				"node": ">=14.17"
			}
		},
		"node_modules/undici": {
			"version": "7.29.0",
			"resolved": "https://registry.npmjs.org/undici/-/undici-7.29.0.tgz",
			"integrity": "sha512-IDxfleLmmbSskfWSUATiN1nfn2rDuvnMOqb5CWR92iIfojA0Ud+ulOAAEQ57LPr9rWmsreUyf5lwyao+7GNNVw==",
			"license": "MIT",
			"optional": true,
			"engines": {
				"node": ">=20.18.1"
			}
		},
		"node_modules/undici-types": {
			"version": "5.26.5",
			"dev": true,
			"license": "MIT"
		},
		"node_modules/vue": {
			"version": "2.7.14",
			"license": "MIT",
			"dependencies": {
				"@vue/compiler-sfc": "2.7.14",
				"csstype": "^3.1.0"
			}
		},
		"node_modules/wintersky": {
			"version": "1.3.2",
			"license": "MIT",
			"dependencies": {
				"molangjs": "^1.6.3",
				"three": "^0.134.0",
				"tinycolor2": "^1.4.2"
			}
		}
	}
}
